Microsoft Visual Studio Solution File, Format Version 12.00
# Visual Studio 15
VisualStudioVersion = 15.0.27130.2003
MinimumVisualStudioVersion = 10.0.40219.1
Project("{D954291E-2A0B-460D-934E-DC6B0785DB48}") = "Deal", "Deal\Deal.shproj", "{F78F5690-DC13-445D-9000-2A082709F12D}"
EndProject
Project("{FAE04EC0-301F-11D3-BF4B-00C04F79EFBC}") = "Deal.Droid", "Droid\Deal.Droid.csproj", "{5AAC53E3-A849-4913-9005-CA54808F1846}"
EndProject
Project("{FAE04EC0-301F-11D3-BF4B-00C04F79EFBC}") = "Deal.iOS", "iOS\Deal.iOS.csproj", "{4D151D94-1127-4B39-B463-132524D22DC3}"
EndProject
Global
	GlobalSection(SharedMSBuildProjectFiles) = preSolution
		Deal\Deal.projitems*{4d151d94-1127-4b39-b463-132524d22dc3}*SharedItemsImports = 4
		Deal\Deal.projitems*{5aac53e3-a849-4913-9005-ca54808f1846}*SharedItemsImports = 4
		Deal\Deal.projitems*{f78f5690-dc13-445d-9000-2a082709f12d}*SharedItemsImports = 13
	EndGlobalSection
	GlobalSection(SolutionConfigurationPlatforms) = preSolution
		Debug|Any CPU = Debug|Any CPU
		Debug|iPhone = Debug|iPhone
		Debug|iPhoneSimulator = Debug|iPhoneSimulator
		Release|Any CPU = Release|Any CPU
		Release|iPhone = Release|iPhone
		Release|iPhoneSimulator = Release|iPhoneSimulator
	EndGlobalSection
	GlobalSection(ProjectConfigurationPlatforms) = postSolution
		{5AAC53E3-A849-4913-9005-CA54808F1846}.Debug|Any CPU.ActiveCfg = Debug|Any CPU
		{5AAC53E3-A849-4913-9005-CA54808F1846}.Debug|Any CPU.Build.0 = Debug|Any CPU
		{5AAC53E3-A849-4913-9005-CA54808F1846}.Debug|Any CPU.Deploy.0 = Debug|Any CPU
		{5AAC53E3-A849-4913-9005-CA54808F1846}.Debug|iPhone.ActiveCfg = Debug|Any CPU
		{5AAC53E3-A849-4913-9005-CA54808F1846}.Debug|iPhone.Build.0 = Debug|Any CPU
		{5AAC53E3-A849-4913-9005-CA54808F1846}.Debug|iPhoneSimulator.ActiveCfg = Debug|Any CPU
		{5AAC53E3-A849-4913-9005-CA54808F1846}.Debug|iPhoneSimulator.Build.0 = Debug|Any CPU
		{5AAC53E3-A849-4913-9005-CA54808F1846}.Release|Any CPU.ActiveCfg = Release|Any CPU
		{5AAC53E3-A849-4913-9005-CA54808F1846}.Release|Any CPU.Build.0 = Release|Any CPU
		{5AAC53E3-A849-4913-9005-CA54808F1846}.Release|iPhone.ActiveCfg = Release|Any CPU
		{5AAC53E3-A849-4913-9005-CA54808F1846}.Release|iPhone.Build.0 = Release|Any CPU
		{5AAC53E3-A849-4913-9005-CA54808F1846}.Release|iPhoneSimulator.ActiveCfg = Release|Any CPU
		{5AAC53E3-A849-4913-9005-CA54808F1846}.Release|iPhoneSimulator.Build.0 = Release|Any CPU
		{4D151D94-1127-4B39-B463-132524D22DC3}.Debug|Any CPU.ActiveCfg = Debug|iPhoneSimulator
		{4D151D94-1127-4B39-B463-132524D22DC3}.Debug|Any CPU.Build.0 = Debug|iPhoneSimulator
		{4D151D94-1127-4B39-B463-132524D22DC3}.Debug|iPhone.ActiveCfg = Debug|iPhone
		{4D151D94-1127-4B39-B463-132524D22DC3}.Debug|iPhone.Build.0 = Debug|iPhone
		{4D151D94-1127-4B39-B463-132524D22DC3}.Debug|iPhoneSimulator.ActiveCfg = Debug|iPhoneSimulator
		{4D151D94-1127-4B39-B463-132524D22DC3}.Debug|iPhoneSimulator.Build.0 = Debug|iPhoneSimulator
		{4D151D94-1127-4B39-B463-132524D22DC3}.Release|Any CPU.ActiveCfg = Release|iPhone
		{4D151D94-1127-4B39-B463-132524D22DC3}.Release|Any CPU.Build.0 = Release|iPhone
		{4D151D94-1127-4B39-B463-132524D22DC3}.Release|iPhone.ActiveCfg = Release|iPhone
		{4D151D94-1127-4B39-B463-132524D22DC3}.Release|iPhone.Build.0 = Release|iPhone
		{4D151D94-1127-4B39-B463-132524D22DC3}.Release|iPhoneSimulator.ActiveCfg = Release|iPhoneSimulator
		{4D151D94-1127-4B39-B463-132524D22DC3}.Release|iPhoneSimulator.Build.0 = Release|iPhoneSimulator
	EndGlobalSection
	GlobalSection(SolutionProperties) = preSolution
		HideSolutionNode = FALSE
	EndGlobalSection
	GlobalSection(ExtensibilityGlobals) = postSolution
		SolutionGuid = {3ACFC2F2-0E89-472E-8140-40EEA13FA598}
	EndGlobalSection
EndGlobal
